
Microsoft Visual Studio Solution File, Format Version 12.00
Project("{FAE04EC0-301F-11D3-BF4B-00C04F79EFBC}") = "DataStructures", "DataStructures\DataStructures.csproj", "{E687170F-9053-42BC-98A6-89D82BCF2BC6}"
EndProject
Project("{FAE04EC0-301F-11D3-BF4B-00C04F79EFBC}") = "DataStructuresTest", "DataStructuresTest\DataStructuresTest.csproj", "{ECFF8657-7772-4FF1-AA9B-DF936212A10F}"
EndProject
Project("{FAE04EC0-301F-11D3-BF4B-00C04F79EFBC}") = "ConsoleApp1", "ConsoleApp1\ConsoleApp1.csproj", "{AC07F78C-676C-4DC7-A90A-549223D62A91}"
EndProject
Global
	GlobalSection(SolutionConfigurationPlatforms) = preSolution
		Debug|Any CPU = Debug|Any CPU
		Release|Any CPU = Release|Any CPU
	EndGlobalSection
	GlobalSection(ProjectConfigurationPlatforms) = postSolution
		{E687170F-9053-42BC-98A6-89D82BCF2BC6}.Debug|Any CPU.ActiveCfg = Debug|Any CPU
		{E687170F-9053-42BC-98A6-89D82BCF2BC6}.Debug|Any CPU.Build.0 = Debug|Any CPU
		{E687170F-9053-42BC-98A6-89D82BCF2BC6}.Release|Any CPU.ActiveCfg = Release|Any CPU
		{E687170F-9053-42BC-98A6-89D82BCF2BC6}.Release|Any CPU.Build.0 = Release|Any CPU
		{ECFF8657-7772-4FF1-AA9B-DF936212A10F}.Debug|Any CPU.ActiveCfg = Debug|Any CPU
		{ECFF8657-7772-4FF1-AA9B-DF936212A10F}.Debug|Any CPU.Build.0 = Debug|Any CPU
		{ECFF8657-7772-4FF1-AA9B-DF936212A10F}.Release|Any CPU.ActiveCfg = Release|Any CPU
		{ECFF8657-7772-4FF1-AA9B-DF936212A10F}.Release|Any CPU.Build.0 = Release|Any CPU
		{AC07F78C-676C-4DC7-A90A-549223D62A91}.Debug|Any CPU.ActiveCfg = Debug|Any CPU
		{AC07F78C-676C-4DC7-A90A-549223D62A91}.Debug|Any CPU.Build.0 = Debug|Any CPU
		{AC07F78C-676C-4DC7-A90A-549223D62A91}.Release|Any CPU.ActiveCfg = Release|Any CPU
		{AC07F78C-676C-4DC7-A90A-549223D62A91}.Release|Any CPU.Build.0 = Release|Any CPU
	EndGlobalSection
EndGlobal
